<?xml version="1.0" encoding="utf-8"?>
<Project ToolsVersion="4.0" xmlns="http://schemas.microsoft.com/developer/msbuild/2003">
  <ItemGroup>
    <Filter Include="Source Files">
      <UniqueIdentifier>{d16cf4ac-57da-4b98-8936-a9c610d90c3b}</UniqueIdentifier>
      <Extensions>cpp;c;cxx;rc;def;r;odl;idl;hpj;bat</Extensions>
    </Filter>
    <Filter Include="Header Files">
      <UniqueIdentifier>{d7678db7-aac6-404e-a668-18f0837d9637}</UniqueIdentifier>
      <Extensions>h;hpp;hxx;hm;inl</Extensions>
    </Filter>
    <Filter Include="PAL">
      <UniqueIdentifier>{814658d4-1447-4d90-9769-547a6758de80}</UniqueIdentifier>
    </Filter>
  </ItemGroup>
  <ItemGroup>
    <ClInclude Include="..\include\getopt.h">
      <Filter>Header Files</Filter>
    </ClInclude>
    <ClInclude Include="..\include\pal.h">
      <Filter>Header Files</Filter>
    </ClInclude>
    <ClInclude Include="..\include\qs_copy.h">
      <Filter>Header Files</Filter>
    </ClInclude>
    <ClInclude Include="..\include\qspy.h">
      <Filter>Header Files</Filter>
    </ClInclude>
    <ClInclude Include="..\include\be.h">
      <Filter>Header Files</Filter>
    </ClInclude>
  </ItemGroup>
  <ItemGroup>
    <ClCompile Include="..\source\main.c">
      <Filter>Source Files</Filter>
    </ClCompile>
    <ClCompile Include="..\source\qspy.c">
      <Filter>Source Files</Filter>
    </ClCompile>
    <ClCompile Include="pal.c">
      <Filter>PAL</Filter>
    </ClCompile>
    <ClCompile Include="..\source\getopt.c">
      <Filter>Source Files</Filter>
    </ClCompile>
    <ClCompile Include="..\source\be.c">
      <Filter>Source Files</Filter>
    </ClCompile>
    <ClCompile Include="..\source\qspy_tx.c">
      <Filter>Source Files</Filter>
    </ClCompile>
  </ItemGroup>
</Project>